
Microsoft Visual Studio Solution File, Format Version 12.00
# Visual Studio Version 16
VisualStudioVersion = 16.0.33214.272
MinimumVisualStudioVersion = 10.0.40219.1
Project("{FAE04EC0-301F-11D3-BF4B-00C04F79EFBC}") = "EmpresaABC", "EmpresaABC\EmpresaABC.csproj", "{C12136EC-2711-4E32-B344-AE1690CAEF32}"
EndProject
Global
	GlobalSection(SolutionConfigurationPlatforms) = preSolution
		Debug|Any CPU = Debug|Any CPU
		Release|Any CPU = Release|Any CPU
	EndGlobalSection
	GlobalSection(ProjectConfigurationPlatforms) = postSolution
		{C12136EC-2711-4E32-B344-AE1690CAEF32}.Debug|Any CPU.ActiveCfg = Debug|Any CPU
		{C12136EC-2711-4E32-B344-AE1690CAEF32}.Debug|Any CPU.Build.0 = Debug|Any CPU
		{C12136EC-2711-4E32-B344-AE1690CAEF32}.Release|Any CPU.ActiveCfg = Release|Any CPU
		{C12136EC-2711-4E32-B344-AE1690CAEF32}.Release|Any CPU.Build.0 = Release|Any CPU
	EndGlobalSection
	GlobalSection(SolutionProperties) = preSolution
		HideSolutionNode = FALSE
	EndGlobalSection
	GlobalSection(ExtensibilityGlobals) = postSolution
		SolutionGuid = {6916748C-7957-42EF-B68C-DFD4E51E9C88}
	EndGlobalSection
EndGlobal
